
Microsoft Visual Studio Solution File, Format Version 12.00
# Visual Studio Version 17
VisualStudioVersion = 17.11.35219.272
MinimumVisualStudioVersion = 10.0.40219.1
Project("{9A19103F-16F7-4668-BE54-9A1E7A4F7556}") = "GZ_Test", "GZ_Test\GZ_Test.csproj", "{7C48A8DD-C894-4EDC-88E5-8874550F81C1}"
EndProject
Project("{9A19103F-16F7-4668-BE54-9A1E7A4F7556}") = "GZ_Test_Repo", "GZ_Test_Repo\GZ_Test_Repo.csproj", "{8998C418-7896-4263-8CBF-B2D4AA222FE7}"
EndProject
Project("{FAE04EC0-301F-11D3-BF4B-00C04F79EFBC}") = "GZ_Test_WPF_Application", "GZ_Test_WPF_Application\GZ_Test_WPF_Application.csproj", "{A532690E-EDE9-48DF-9189-52A4785C4284}"
EndProject
Global
	GlobalSection(SolutionConfigurationPlatforms) = preSolution
		Debug|Any CPU = Debug|Any CPU
		Release|Any CPU = Release|Any CPU
	EndGlobalSection
	GlobalSection(ProjectConfigurationPlatforms) = postSolution
		{7C48A8DD-C894-4EDC-88E5-8874550F81C1}.Debug|Any CPU.ActiveCfg = Debug|Any CPU
		{7C48A8DD-C894-4EDC-88E5-8874550F81C1}.Debug|Any CPU.Build.0 = Debug|Any CPU
		{7C48A8DD-C894-4EDC-88E5-8874550F81C1}.Release|Any CPU.ActiveCfg = Release|Any CPU
		{7C48A8DD-C894-4EDC-88E5-8874550F81C1}.Release|Any CPU.Build.0 = Release|Any CPU
		{8998C418-7896-4263-8CBF-B2D4AA222FE7}.Debug|Any CPU.ActiveCfg = Debug|Any CPU
		{8998C418-7896-4263-8CBF-B2D4AA222FE7}.Debug|Any CPU.Build.0 = Debug|Any CPU
		{8998C418-7896-4263-8CBF-B2D4AA222FE7}.Release|Any CPU.ActiveCfg = Release|Any CPU
		{8998C418-7896-4263-8CBF-B2D4AA222FE7}.Release|Any CPU.Build.0 = Release|Any CPU
		{A532690E-EDE9-48DF-9189-52A4785C4284}.Debug|Any CPU.ActiveCfg = Debug|Any CPU
		{A532690E-EDE9-48DF-9189-52A4785C4284}.Debug|Any CPU.Build.0 = Debug|Any CPU
		{A532690E-EDE9-48DF-9189-52A4785C4284}.Release|Any CPU.ActiveCfg = Release|Any CPU
		{A532690E-EDE9-48DF-9189-52A4785C4284}.Release|Any CPU.Build.0 = Release|Any CPU
	EndGlobalSection
	GlobalSection(SolutionProperties) = preSolution
		HideSolutionNode = FALSE
	EndGlobalSection
	GlobalSection(ExtensibilityGlobals) = postSolution
		SolutionGuid = {7E5886C1-07A8-4E65-B1D2-A2D7159DD57A}
	EndGlobalSection
EndGlobal
